
Microsoft Visual Studio Solution File, Format Version 12.00
# Visual Studio Version 16
VisualStudioVersion = 16.0.33423.256
MinimumVisualStudioVersion = 10.0.40219.1
Project("{FAE04EC0-301F-11D3-BF4B-00C04F79EFBC}") = "ASM", "ASM\ASM.csproj", "{FA843A8A-1AAC-4BC4-841C-B39E91BF739B}"
EndProject
Global
	GlobalSection(SolutionConfigurationPlatforms) = preSolution
		Debug|Any CPU = Debug|Any CPU
		Release|Any CPU = Release|Any CPU
	EndGlobalSection
	GlobalSection(ProjectConfigurationPlatforms) = postSolution
		{FA843A8A-1AAC-4BC4-841C-B39E91BF739B}.Debug|Any CPU.ActiveCfg = Debug|Any CPU
		{FA843A8A-1AAC-4BC4-841C-B39E91BF739B}.Debug|Any CPU.Build.0 = Debug|Any CPU
		{FA843A8A-1AAC-4BC4-841C-B39E91BF739B}.Release|Any CPU.ActiveCfg = Release|Any CPU
		{FA843A8A-1AAC-4BC4-841C-B39E91BF739B}.Release|Any CPU.Build.0 = Release|Any CPU
	EndGlobalSection
	GlobalSection(SolutionProperties) = preSolution
		HideSolutionNode = FALSE
	EndGlobalSection
	GlobalSection(ExtensibilityGlobals) = postSolution
		SolutionGuid = {0DD4A598-33F6-4EF0-848F-E018ECB1EC63}
	EndGlobalSection
EndGlobal
